
Microsoft Visual Studio Solution File, Format Version 12.00
# Visual Studio 2012
Project("{FAE04EC0-301F-11D3-BF4B-00C04F79EFBC}") = "rm21Ustn", "rm21Ustn.csproj", "{B3890452-A907-4AF2-918E-B35A264E1DDD}"
EndProject
Global
	GlobalSection(SolutionConfigurationPlatforms) = preSolution
		Debug|Any CPU = Debug|Any CPU
	EndGlobalSection
	GlobalSection(ProjectConfigurationPlatforms) = postSolution
		{B3890452-A907-4AF2-918E-B35A264E1DDD}.Debug|Any CPU.ActiveCfg = Debug|Any CPU
		{B3890452-A907-4AF2-918E-B35A264E1DDD}.Debug|Any CPU.Build.0 = Debug|Any CPU
	EndGlobalSection
	GlobalSection(SolutionProperties) = preSolution
		HideSolutionNode = FALSE
	EndGlobalSection
EndGlobal
